<?xml version="1.0" encoding="UTF-8" standalone="yes" ?>
<CodeBlocks_project_file>
	<FileVersion major="1" minor="6" />
	<Project>
		<Option title="my1010!" />
		<Option pch_mode="2" />
		<Option compiler="gcc" />
		<Build>
			<Target title="Debug">
				<Option output="bin/Debug/my1010!" prefix_auto="1" extension_auto="1" />
				<Option object_output="obj/Debug/" />
				<Option type="1" />
				<Option compiler="gcc" />
				<Compiler>
					<Add option="-g" />
					<Add directory="D:/wxWidgets/include" />
					<Add directory="D:/wxWidgets/lib/gcc_dll/mswud" />
					<Add directory="D:/wxWidgets/lib/gcc_dll" />
				</Compiler>
				<ResourceCompiler>
					<Add directory="D:/wxWidgets/lib/gcc_dll/mswud" />
				</ResourceCompiler>
				<Linker>
					<Add library="D:/wxWidgets/lib/gcc_dll/libwxbase30u.a" />
					<Add library="D:/wxWidgets/lib/gcc_dll/libwxbase30u_net.a" />
					<Add library="D:/wxWidgets/lib/gcc_dll/libwxbase30u_xml.a" />
					<Add library="D:/wxWidgets/lib/gcc_dll/libwxbase30ud.a" />
					<Add library="D:/wxWidgets/lib/gcc_dll/libwxbase30ud_net.a" />
					<Add library="D:/wxWidgets/lib/gcc_dll/libwxbase30ud_xml.a" />
					<Add library="D:/wxWidgets/lib/gcc_dll/libwxexpat.a" />
					<Add library="D:/wxWidgets/lib/gcc_dll/libwxexpatd.a" />
					<Add library="D:/wxWidgets/lib/gcc_dll/libwxjpeg.a" />
					<Add library="D:/wxWidgets/lib/gcc_dll/libwxjpegd.a" />
					<Add library="D:/wxWidgets/lib/gcc_dll/libwxmsw30u_adv.a" />
					<Add library="D:/wxWidgets/lib/gcc_dll/libwxmsw30u_aui.a" />
					<Add library="D:/wxWidgets/lib/gcc_dll/libwxmsw30u_core.a" />
					<Add library="D:/wxWidgets/lib/gcc_dll/libwxmsw30u_gl.a" />
					<Add library="D:/wxWidgets/lib/gcc_dll/libwxmsw30u_html.a" />
					<Add library="D:/wxWidgets/lib/gcc_dll/libwxmsw30u_media.a" />
					<Add library="D:/wxWidgets/lib/gcc_dll/libwxmsw30u_propgrid.a" />
					<Add library="D:/wxWidgets/lib/gcc_dll/libwxmsw30u_ribbon.a" />
					<Add library="D:/wxWidgets/lib/gcc_dll/libwxmsw30u_richtext.a" />
					<Add library="D:/wxWidgets/lib/gcc_dll/libwxmsw30u_stc.a" />
					<Add library="D:/wxWidgets/lib/gcc_dll/libwxmsw30u_webview.a" />
					<Add library="D:/wxWidgets/lib/gcc_dll/libwxmsw30u_xrc.a" />
					<Add library="D:/wxWidgets/lib/gcc_dll/libwxmsw30ud_adv.a" />
					<Add library="D:/wxWidgets/lib/gcc_dll/libwxmsw30ud_aui.a" />
					<Add library="D:/wxWidgets/lib/gcc_dll/libwxmsw30ud_core.a" />
					<Add library="D:/wxWidgets/lib/gcc_dll/libwxmsw30ud_gl.a" />
					<Add library="D:/wxWidgets/lib/gcc_dll/libwxmsw30ud_html.a" />
					<Add library="D:/wxWidgets/lib/gcc_dll/libwxmsw30ud_media.a" />
					<Add library="D:/wxWidgets/lib/gcc_dll/libwxmsw30ud_propgrid.a" />
					<Add library="D:/wxWidgets/lib/gcc_dll/libwxmsw30ud_ribbon.a" />
					<Add library="D:/wxWidgets/lib/gcc_dll/libwxmsw30ud_richtext.a" />
					<Add library="D:/wxWidgets/lib/gcc_dll/libwxmsw30ud_stc.a" />
					<Add library="D:/wxWidgets/lib/gcc_dll/libwxmsw30ud_webview.a" />
					<Add library="D:/wxWidgets/lib/gcc_dll/libwxmsw30ud_xrc.a" />
					<Add library="D:/wxWidgets/lib/gcc_dll/libwxpng.a" />
					<Add library="D:/wxWidgets/lib/gcc_dll/libwxpngd.a" />
					<Add library="D:/wxWidgets/lib/gcc_dll/libwxregexu.a" />
					<Add library="D:/wxWidgets/lib/gcc_dll/libwxregexud.a" />
					<Add library="D:/wxWidgets/lib/gcc_dll/libwxscintilla.a" />
					<Add library="D:/wxWidgets/lib/gcc_dll/libwxscintillad.a" />
					<Add library="D:/wxWidgets/lib/gcc_dll/libwxtiff.a" />
					<Add library="D:/wxWidgets/lib/gcc_dll/libwxtiffd.a" />
					<Add library="D:/wxWidgets/lib/gcc_dll/libwxzlib.a" />
					<Add library="D:/wxWidgets/lib/gcc_dll/libwxzlibd.a" />
					<Add library="D:/wxWidgets/lib/gcc_dll/libwxbase30u.a" />
					<Add library="D:/wxWidgets/lib/gcc_dll/libwxbase30u_net.a" />
					<Add library="D:/wxWidgets/lib/gcc_dll/libwxbase30u_xml.a" />
					<Add library="D:/wxWidgets/lib/gcc_dll/libwxbase30ud.a" />
					<Add library="D:/wxWidgets/lib/gcc_dll/libwxbase30ud_net.a" />
					<Add library="D:/wxWidgets/lib/gcc_dll/libwxbase30ud_xml.a" />
					<Add library="D:/wxWidgets/lib/gcc_dll/libwxexpat.a" />
					<Add library="D:/wxWidgets/lib/gcc_dll/libwxexpatd.a" />
					<Add library="D:/wxWidgets/lib/gcc_dll/libwxjpeg.a" />
					<Add library="D:/wxWidgets/lib/gcc_dll/libwxjpegd.a" />
					<Add library="D:/wxWidgets/lib/gcc_dll/libwxmsw30u_adv.a" />
					<Add library="D:/wxWidgets/lib/gcc_dll/libwxmsw30u_aui.a" />
					<Add library="D:/wxWidgets/lib/gcc_dll/libwxmsw30u_core.a" />
					<Add library="D:/wxWidgets/lib/gcc_dll/libwxmsw30u_gl.a" />
					<Add library="D:/wxWidgets/lib/gcc_dll/libwxmsw30u_html.a" />
					<Add library="D:/wxWidgets/lib/gcc_dll/libwxmsw30u_media.a" />
					<Add library="D:/wxWidgets/lib/gcc_dll/libwxmsw30u_propgrid.a" />
					<Add library="D:/wxWidgets/lib/gcc_dll/libwxmsw30u_ribbon.a" />
					<Add library="D:/wxWidgets/lib/gcc_dll/libwxmsw30u_richtext.a" />
					<Add library="D:/wxWidgets/lib/gcc_dll/libwxmsw30u_stc.a" />
					<Add library="D:/wxWidgets/lib/gcc_dll/libwxmsw30u_webview.a" />
					<Add library="D:/wxWidgets/lib/gcc_dll/libwxmsw30u_xrc.a" />
					<Add library="D:/wxWidgets/lib/gcc_dll/libwxmsw30ud_adv.a" />
					<Add library="D:/wxWidgets/lib/gcc_dll/libwxmsw30ud_aui.a" />
					<Add library="D:/wxWidgets/lib/gcc_dll/libwxmsw30ud_core.a" />
					<Add library="D:/wxWidgets/lib/gcc_dll/libwxmsw30ud_gl.a" />
					<Add library="D:/wxWidgets/lib/gcc_dll/libwxmsw30ud_html.a" />
					<Add library="D:/wxWidgets/lib/gcc_dll/libwxmsw30ud_media.a" />
					<Add library="D:/wxWidgets/lib/gcc_dll/libwxmsw30ud_propgrid.a" />
					<Add library="D:/wxWidgets/lib/gcc_dll/libwxmsw30ud_ribbon.a" />
					<Add library="D:/wxWidgets/lib/gcc_dll/libwxmsw30ud_richtext.a" />
					<Add library="D:/wxWidgets/lib/gcc_dll/libwxmsw30ud_stc.a" />
					<Add library="D:/wxWidgets/lib/gcc_dll/libwxmsw30ud_webview.a" />
					<Add library="D:/wxWidgets/lib/gcc_dll/libwxmsw30ud_xrc.a" />
					<Add library="D:/wxWidgets/lib/gcc_dll/libwxpng.a" />
					<Add library="D:/wxWidgets/lib/gcc_dll/libwxpngd.a" />
					<Add library="D:/wxWidgets/lib/gcc_dll/libwxregexu.a" />
					<Add library="D:/wxWidgets/lib/gcc_dll/libwxregexud.a" />
					<Add library="D:/wxWidgets/lib/gcc_dll/libwxscintilla.a" />
					<Add library="D:/wxWidgets/lib/gcc_dll/libwxscintillad.a" />
					<Add library="D:/wxWidgets/lib/gcc_dll/libwxtiff.a" />
					<Add library="D:/wxWidgets/lib/gcc_dll/libwxtiffd.a" />
					<Add library="D:/wxWidgets/lib/gcc_dll/libwxzlib.a" />
					<Add library="D:/wxWidgets/lib/gcc_dll/libwxzlibd.a" />
					<Add directory="D:/wxWidgets" />
				</Linker>
			</Target>
			<Target title="Release">
				<Option output="bin/Release/my1010!" prefix_auto="1" extension_auto="1" />
				<Option object_output="obj/Release/" />
				<Option type="1" />
				<Option compiler="gcc" />
				<Compiler>
					<Add option="-O2" />
				</Compiler>
				<Linker>
					<Add option="-s" />
				</Linker>
			</Target>
		</Build>
		<Compiler>
			<Add option="-Wall" />
		</Compiler>
		<Unit filename="my1010!/Board.cpp" />
		<Unit filename="my1010!/Board.h" />
		<Unit filename="my1010!/Shape.cpp" />
		<Unit filename="my1010!/Shape.h" />
		<Unit filename="my1010!/main.cpp" />
		<Unit filename="my1010!/main.h" />
		<Unit filename="my1010!/my1010.cpp" />
		<Unit filename="my1010!/my1010.h" />
		<Extensions>
			<code_completion />
			<envvars />
			<debugger />
			<lib_finder disable_auto="1" />
		</Extensions>
	</Project>
</CodeBlocks_project_file>
